
Microsoft Visual Studio Solution File, Format Version 12.00
# Visual Studio 2013
VisualStudioVersion = 12.0.31101.0
MinimumVisualStudioVersion = 10.0.40219.1
Project("{FAE04EC0-301F-11D3-BF4B-00C04F79EFBC}") = "MVCApiTest", "MVCApiTest\MVCApiTest.csproj", "{A6F393C3-2612-447A-BDD4-B8D607C8213B}"
EndProject
Project("{FAE04EC0-301F-11D3-BF4B-00C04F79EFBC}") = "MVCApiTest.Tests", "MVCApiTest.Tests\MVCApiTest.Tests.csproj", "{D5E9F004-7532-4949-9E3C-7D0EEB6009B2}"
EndProject
Global
	GlobalSection(SolutionConfigurationPlatforms) = preSolution
		Debug|Any CPU = Debug|Any CPU
		Release|Any CPU = Release|Any CPU
	EndGlobalSection
	GlobalSection(ProjectConfigurationPlatforms) = postSolution
		{A6F393C3-2612-447A-BDD4-B8D607C8213B}.Debug|Any CPU.ActiveCfg = Debug|Any CPU
		{A6F393C3-2612-447A-BDD4-B8D607C8213B}.Debug|Any CPU.Build.0 = Debug|Any CPU
		{A6F393C3-2612-447A-BDD4-B8D607C8213B}.Release|Any CPU.ActiveCfg = Release|Any CPU
		{A6F393C3-2612-447A-BDD4-B8D607C8213B}.Release|Any CPU.Build.0 = Release|Any CPU
		{D5E9F004-7532-4949-9E3C-7D0EEB6009B2}.Debug|Any CPU.ActiveCfg = Debug|Any CPU
		{D5E9F004-7532-4949-9E3C-7D0EEB6009B2}.Debug|Any CPU.Build.0 = Debug|Any CPU
		{D5E9F004-7532-4949-9E3C-7D0EEB6009B2}.Release|Any CPU.ActiveCfg = Release|Any CPU
		{D5E9F004-7532-4949-9E3C-7D0EEB6009B2}.Release|Any CPU.Build.0 = Release|Any CPU
	EndGlobalSection
	GlobalSection(SolutionProperties) = preSolution
		HideSolutionNode = FALSE
	EndGlobalSection
EndGlobal
